{
  "name": "y",
  "version": "1.0.0",
  "lockfileVersion": 1,
  "requires": true,
  "dependencies": {
    "scanf": {
      "version": "1.1.2",
      "resolved": "https://registry.npm.taobao.org/scanf/download/scanf-1.1.2.tgz",
      "integrity": "sha1-GhGRL1D2dz4Mnh4mFFuYlf3WnAc=",
      "dev": true
    }
  }
}
